# This file was autogenerated by Stack.
# You should not edit this file by hand.
# For more information, please see the documentation at:
#   https://docs.haskellstack.org/en/stable/lock_files

packages: []
snapshots:
- completed:
    sha256: 13474b9c12f5925d2215918f8f9a0cad61f82a41219cf185ada2ded9b489b48b
    size: 723246
    url: https://raw.githubusercontent.com/commercialhaskell/stackage-snapshots/master/nightly/2025/7/7.yaml
  original: nightly-2025-07-07
